{"version":4,"terraform_version":"1.11.4","serial":7,"lineage":"e8132f6e-26fe-9f53-f6c7-4b7642d55c46","outputs":{"backup_ip":{"value":"5.78.183.122","type":"string"},"dns_instructions":{"value":"Point these DNS A records to the prod IP (5.78.189.222):\n\n  tribes.app        A  5.78.189.222\n  ws.tribes.app     A  5.78.189.222\n  media.tribes.app  A  5.78.189.222\n\nCaddy will auto-provision TLS within ~60 seconds of DNS propagation.\n","type":"string"},"prod_ip":{"value":"5.78.189.222","type":"string"}},"resources":[{"mode":"managed","type":"hcloud_firewall","name":"tribes_backup","provider":"provider[\"registry.opentofu.org/hetznercloud/hcloud\"]","instances":[{"schema_version":0,"attributes":{"apply_to":[{"label_selector":"","server":127768777}],"id":"10877603","labels":{},"name":"tribes-backup-fw","rule":[{"description":"","destination_ips":[],"direction":"in","port":"","protocol":"icmp","source_ips":["0.0.0.0/0","::/0"]},{"description":"","destination_ips":[],"direction":"in","port":"22","protocol":"tcp","source_ips":["15.218.117.156/32","5.78.189.222/32","65.126.76.42/32"]}]},"sensitive_attributes":[],"private":"eyJzY2hlbWFfdmVyc2lvbiI6IjAifQ==","dependencies":["hcloud_firewall.tribes_prod","hcloud_primary_ip.tribes_prod","hcloud_server.tribes_prod","hcloud_ssh_key.tribes"]}]},{"mode":"managed","type":"hcloud_firewall","name":"tribes_prod","provider":"provider[\"registry.opentofu.org/hetznercloud/hcloud\"]","instances":[{"schema_version":0,"attributes":{"apply_to":[{"label_selector":"","server":127768750}],"id":"10877602","labels":{},"name":"tribes-prod-fw","rule":[{"description":"","destination_ips":[],"direction":"in","port":"","protocol":"icmp","source_ips":["0.0.0.0/0","::/0"]},{"description":"","destination_ips":[],"direction":"in","port":"22","protocol":"tcp","source_ips":["15.218.117.156/32","65.126.76.42/32"]},{"description":"","destination_ips":[],"direction":"in","port":"443","protocol":"tcp","source_ips":["0.0.0.0/0","::/0"]},{"description":"","destination_ips":[],"direction":"in","port":"80","protocol":"tcp","source_ips":["0.0.0.0/0","::/0"]}]},"sensitive_attributes":[],"private":"eyJzY2hlbWFfdmVyc2lvbiI6IjAifQ=="}]},{"mode":"managed","type":"hcloud_primary_ip","name":"tribes_prod","provider":"provider[\"registry.opentofu.org/hetznercloud/hcloud\"]","instances":[{"schema_version":0,"attributes":{"assignee_id":127768750,"assignee_type":"server","auto_delete":false,"datacenter":"hil-dc1","delete_protection":false,"id":"127778890","ip_address":"5.78.189.222","ip_network":null,"labels":{},"location":"hil","name":"tribes-prod-ip","type":"ipv4"},"sensitive_attributes":[],"private":"eyJzY2hlbWFfdmVyc2lvbiI6IjAifQ=="}]},{"mode":"managed","type":"hcloud_server","name":"tribes_backup","provider":"provider[\"registry.opentofu.org/hetznercloud/hcloud\"]","instances":[{"schema_version":0,"attributes":{"allow_deprecated_images":null,"backup_window":"","backups":false,"datacenter":"hil-dc1","delete_protection":false,"firewall_ids":[10877603],"id":"127768777","ignore_remote_firewall_ids":null,"image":"ubuntu-24.04","ipv4_address":"5.78.183.122","ipv6_address":"2a01:4ff:1f0:862a::1","ipv6_network":"2a01:4ff:1f0:862a::/64","iso":null,"keep_disk":null,"labels":{"env":"production","project":"tribes","role":"backup"},"location":"hil","name":"tribes-backup","network":[],"placement_group_id":0,"primary_disk_size":80,"public_net":[],"rebuild_protection":false,"rescue":null,"server_type":"ccx13","shutdown_before_deletion":null,"ssh_keys":null,"status":"running","timeouts":null,"user_data":null},"sensitive_attributes":[],"private":"eyJlMmJmYjczMC1lY2FhLTExZTYtOGY4OC0zNDM2M2JjN2M0YzAiOnsiY3JlYXRlIjo1NDAwMDAwMDAwMDAwfSwic2NoZW1hX3ZlcnNpb24iOiIwIn0=","dependencies":["hcloud_firewall.tribes_backup","hcloud_firewall.tribes_prod","hcloud_primary_ip.tribes_prod","hcloud_server.tribes_prod","hcloud_ssh_key.tribes"]}]},{"mode":"managed","type":"hcloud_server","name":"tribes_prod","provider":"provider[\"registry.opentofu.org/hetznercloud/hcloud\"]","instances":[{"schema_version":0,"attributes":{"allow_deprecated_images":null,"backup_window":"","backups":false,"datacenter":"hil-dc1","delete_protection":false,"firewall_ids":[10877602],"id":"127768750","ignore_remote_firewall_ids":null,"image":"ubuntu-24.04","ipv4_address":"5.78.189.222","ipv6_address":"2a01:4ff:1f0:84ed::1","ipv6_network":"2a01:4ff:1f0:84ed::/64","iso":null,"keep_disk":null,"labels":{"env":"production","project":"tribes","role":"app"},"location":"hil","name":"tribes-prod","network":[],"placement_group_id":0,"primary_disk_size":80,"public_net":[],"rebuild_protection":false,"rescue":null,"server_type":"ccx13","shutdown_before_deletion":null,"ssh_keys":null,"status":"running","timeouts":null,"user_data":null},"sensitive_attributes":[],"private":"eyJlMmJmYjczMC1lY2FhLTExZTYtOGY4OC0zNDM2M2JjN2M0YzAiOnsiY3JlYXRlIjo1NDAwMDAwMDAwMDAwfX0=","dependencies":["hcloud_firewall.tribes_prod","hcloud_primary_ip.tribes_prod","hcloud_ssh_key.tribes"]}]},{"mode":"managed","type":"hcloud_ssh_key","name":"tribes","provider":"provider[\"registry.opentofu.org/hetznercloud/hcloud\"]","instances":[{"schema_version":0,"attributes":{"fingerprint":"2e:c7:f6:7c:87:b2:8f:4d:23:51:ab:4e:c1:97:d0:82","id":"111210658","labels":{},"name":"tribes-deploy","public_key":"ssh-rsa AAAAB3NzaC1yc2EAAAADAQABAAACAQDGl3KoxnikoBdiozfPB6gm+pRibUgZDcfYSI1aOwmePKJ0jd1b3Poscsx/mlofJi8rSLafG2Firp0b5ud4D6vNqTcDmfFhICnFMpi5U7Maftds3NWyK9Ef6kBxFx3VlDGaxKHr6CM5+KfU/fD2TWxx3Vm8vaS8BvPKeVq7NlFwKGVPI8Yxip88KA2DAVEqRPgveUyTQBlYWlZJGiZ0nC9PjfiFanqxhaGAU7Y9Ypfoyo76WeylD8U2bVIxBaX60+DihW0aWCT2E1uubn5t8znUCYptUmvjg21OadpylFfRz/Ktwqvq4b0AfiWjNLcHCGQhhMguYk530E+UPjAG/icTRas0wQIUYtsteECkRO0QltPScNY08GW+0VK2JegtVgC/8JGVRiCYqZu10HhJCkIxc6nlPrCW8jVblbrD4e6ThgVLCmq3w2h9kIfvS3Dw5FH96uMDAAN6+GNGnalLnaPMOroQSPsfj9486DibxEb+8POYRwh93njcPsWFMzltsz64Qa8/5n8SI3C4OIMJTrFA/k5tQKbab26dPWAdYc/WPhSJQZF0Q4ZD20p003OcW8nYqOWfACh538h0yTDmtdXYLJbMw/L+lBZYFLcImIV2PjEdvelknOvL2MmESzRFpC+WH5ezYhMQwoWGj9cKrkQiWNiJf8akrtrrwu3wStabVw== dustin@wheelhousesearch.com"},"sensitive_attributes":[]}]}],"check_results":null}
